// !$*UTF8*$!
{
	archiveVersion = 1;
	classes = {
	};
	objectVersion = 46;
	objects = {

/* Begin PBXBuildFile section */
		28196853190C57EF003EBD2F /* Foundation.framework in Frameworks */ = {isa = PBXBuildFile; fileRef = 28196852190C57EF003EBD2F /* Foundation.framework */; };
		28196855190C57EF003EBD2F /* CoreGraphics.framework in Frameworks */ = {isa = PBXBuildFile; fileRef = 28196854190C57EF003EBD2F /* CoreGraphics.framework */; };
		28196857190C57EF003EBD2F /* UIKit.framework in Frameworks */ = {isa = PBXBuildFile; fileRef = 28196856190C57EF003EBD2F /* UIKit.framework */; };
		2819685D190C57EF003EBD2F /* InfoPlist.strings in Resources */ = {isa = PBXBuildFile; fileRef = 2819685B190C57EF003EBD2F /* InfoPlist.strings */; };
		2819685F190C57EF003EBD2F /* main.m in Sources */ = {isa = PBXBuildFile; fileRef = 2819685E190C57EF003EBD2F /* main.m */; };
		28196863190C57EF003EBD2F /* CRAppDelegate.m in Sources */ = {isa = PBXBuildFile; fileRef = 28196862190C57EF003EBD2F /* CRAppDelegate.m */; };
		28196866190C57EF003EBD2F /* Main_iPhone.storyboard in Resources */ = {isa = PBXBuildFile; fileRef = 28196864190C57EF003EBD2F /* Main_iPhone.storyboard */; };
		28196869190C57EF003EBD2F /* Main_iPad.storyboard in Resources */ = {isa = PBXBuildFile; fileRef = 28196867190C57EF003EBD2F /* Main_iPad.storyboard */; };
		2819686C190C57EF003EBD2F /* CRViewController.m in Sources */ = {isa = PBXBuildFile; fileRef = 2819686B190C57EF003EBD2F /* CRViewController.m */; };
		2819686E190C57EF003EBD2F /* Images.xcassets in Resources */ = {isa = PBXBuildFile; fileRef = 2819686D190C57EF003EBD2F /* Images.xcassets */; };
		28196875190C57EF003EBD2F /* XCTest.framework in Frameworks */ = {isa = PBXBuildFile; fileRef = 28196874190C57EF003EBD2F /* XCTest.framework */; };
		28196876190C57EF003EBD2F /* Foundation.framework in Frameworks */ = {isa = PBXBuildFile; fileRef = 28196852190C57EF003EBD2F /* Foundation.framework */; };
		28196877190C57EF003EBD2F /* UIKit.framework in Frameworks */ = {isa = PBXBuildFile; fileRef = 28196856190C57EF003EBD2F /* UIKit.framework */; };
		2819687F190C57EF003EBD2F /* InfoPlist.strings in Resources */ = {isa = PBXBuildFile; fileRef = 2819687D190C57EF003EBD2F /* InfoPlist.strings */; };
		28196881190C57EF003EBD2F /* ColourRunTests.m in Sources */ = {isa = PBXBuildFile; fileRef = 28196880190C57EF003EBD2F /* ColourRunTests.m */; };
		2819688C190C5A72003EBD2F /* CRColourGrid.m in Sources */ = {isa = PBXBuildFile; fileRef = 2819688B190C5A72003EBD2F /* CRColourGrid.m */; };
		2819688F190C5EAD003EBD2F /* CRGameView.m in Sources */ = {isa = PBXBuildFile; fileRef = 2819688E190C5EAD003EBD2F /* CRGameView.m */; };
		28196895190CF962003EBD2F /* CRColourCell.m in Sources */ = {isa = PBXBuildFile; fileRef = 28196894190CF962003EBD2F /* CRColourCell.m */; };
		283464AA19182D9900991E62 /* algae-b.png in Resources */ = {isa = PBXBuildFile; fileRef = 283464A919182D9900991E62 /* algae-b.png */; };
		283464E5191C150400991E62 /* overall.png in Resources */ = {isa = PBXBuildFile; fileRef = 283464D6191C150400991E62 /* overall.png */; };
		283464E6191C150400991E62 /* overall2.png in Resources */ = {isa = PBXBuildFile; fileRef = 283464D7191C150400991E62 /* overall2.png */; };
		283464E9191C1D7F00991E62 /* CRLozengeImage.m in Sources */ = {isa = PBXBuildFile; fileRef = 283464E8191C1D7F00991E62 /* CRLozengeImage.m */; };
		2834652B191E31B600991E62 /* overall2-blue_r1_c4.png in Resources */ = {isa = PBXBuildFile; fileRef = 2834651E191E31B600991E62 /* overall2-blue_r1_c4.png */; };
		2834652C191E31B600991E62 /* overall2-blue_r1_c6.png in Resources */ = {isa = PBXBuildFile; fileRef = 2834651F191E31B600991E62 /* overall2-blue_r1_c6.png */; };
		2834652D191E31B600991E62 /* overall2-blue_r2_c4.png in Resources */ = {isa = PBXBuildFile; fileRef = 28346520191E31B600991E62 /* overall2-blue_r2_c4.png */; };
		2834652E191E31B600991E62 /* overall2-blue_r2_c6.png in Resources */ = {isa = PBXBuildFile; fileRef = 28346521191E31B600991E62 /* overall2-blue_r2_c6.png */; };
		2834652F191E31B600991E62 /* overall2-blue_r4_c2.png in Resources */ = {isa = PBXBuildFile; fileRef = 28346522191E31B600991E62 /* overall2-blue_r4_c2.png */; };
		28346530191E31B600991E62 /* overall2-blue_r4_c4.png in Resources */ = {isa = PBXBuildFile; fileRef = 28346523191E31B600991E62 /* overall2-blue_r4_c4.png */; };
		28346531191E31B600991E62 /* overall2-blue_r4_c6.png in Resources */ = {isa = PBXBuildFile; fileRef = 28346524191E31B600991E62 /* overall2-blue_r4_c6.png */; };
		28346532191E31B600991E62 /* overall2-blue_r5_c1.png in Resources */ = {isa = PBXBuildFile; fileRef = 28346525191E31B600991E62 /* overall2-blue_r5_c1.png */; };
		28346533191E31B600991E62 /* overall2-blue_r5_c2.png in Resources */ = {isa = PBXBuildFile; fileRef = 28346526191E31B600991E62 /* overall2-blue_r5_c2.png */; };
		28346534191E31B600991E62 /* overall2-blue_r5_c4.png in Resources */ = {isa = PBXBuildFile; fileRef = 28346527191E31B600991E62 /* overall2-blue_r5_c4.png */; };
		28346535191E31B600991E62 /* overall2-blue_r5_c6.png in Resources */ = {isa = PBXBuildFile; fileRef = 28346528191E31B600991E62 /* overall2-blue_r5_c6.png */; };
		28346536191E31B600991E62 /* overall2-blue_r5_c9.png in Resources */ = {isa = PBXBuildFile; fileRef = 28346529191E31B600991E62 /* overall2-blue_r5_c9.png */; };
		28346537191E31B600991E62 /* overall2-blue_r6_c5.png in Resources */ = {isa = PBXBuildFile; fileRef = 2834652A191E31B600991E62 /* overall2-blue_r6_c5.png */; };
		28346579191E49B700991E62 /* overall2-yellow_r1_c4.png in Resources */ = {isa = PBXBuildFile; fileRef = 2834656C191E49B700991E62 /* overall2-yellow_r1_c4.png */; };
		2834657A191E49B700991E62 /* overall2-yellow_r1_c6.png in Resources */ = {isa = PBXBuildFile; fileRef = 2834656D191E49B700991E62 /* overall2-yellow_r1_c6.png */; };
		2834657B191E49B700991E62 /* overall2-yellow_r2_c4.png in Resources */ = {isa = PBXBuildFile; fileRef = 2834656E191E49B700991E62 /* overall2-yellow_r2_c4.png */; };
		2834657C191E49B700991E62 /* overall2-yellow_r2_c6.png in Resources */ = {isa = PBXBuildFile; fileRef = 2834656F191E49B700991E62 /* overall2-yellow_r2_c6.png */; };
		2834657D191E49B700991E62 /* overall2-yellow_r4_c2.png in Resources */ = {isa = PBXBuildFile; fileRef = 28346570191E49B700991E62 /* overall2-yellow_r4_c2.png */; };
		2834657E191E49B700991E62 /* overall2-yellow_r4_c4.png in Resources */ = {isa = PBXBuildFile; fileRef = 28346571191E49B700991E62 /* overall2-yellow_r4_c4.png */; };
		2834657F191E49B700991E62 /* overall2-yellow_r4_c6.png in Resources */ = {isa = PBXBuildFile; fileRef = 28346572191E49B700991E62 /* overall2-yellow_r4_c6.png */; };
		28346580191E49B700991E62 /* overall2-yellow_r5_c1.png in Resources */ = {isa = PBXBuildFile; fileRef = 28346573191E49B700991E62 /* overall2-yellow_r5_c1.png */; };
		28346581191E49B700991E62 /* overall2-yellow_r5_c2.png in Resources */ = {isa = PBXBuildFile; fileRef = 28346574191E49B700991E62 /* overall2-yellow_r5_c2.png */; };
		28346582191E49B700991E62 /* overall2-yellow_r5_c4.png in Resources */ = {isa = PBXBuildFile; fileRef = 28346575191E49B700991E62 /* overall2-yellow_r5_c4.png */; };
		28346583191E49B700991E62 /* overall2-yellow_r5_c6.png in Resources */ = {isa = PBXBuildFile; fileRef = 28346576191E49B700991E62 /* overall2-yellow_r5_c6.png */; };
		28346584191E49B700991E62 /* overall2-yellow_r5_c9.png in Resources */ = {isa = PBXBuildFile; fileRef = 28346577191E49B700991E62 /* overall2-yellow_r5_c9.png */; };
		28346585191E49B700991E62 /* overall2-yellow_r6_c5.png in Resources */ = {isa = PBXBuildFile; fileRef = 28346578191E49B700991E62 /* overall2-yellow_r6_c5.png */; };
		28346593191E4B6800991E62 /* overall2-green_r1_c4.png in Resources */ = {isa = PBXBuildFile; fileRef = 28346586191E4B6800991E62 /* overall2-green_r1_c4.png */; };
		28346594191E4B6800991E62 /* overall2-green_r1_c6.png in Resources */ = {isa = PBXBuildFile; fileRef = 28346587191E4B6800991E62 /* overall2-green_r1_c6.png */; };
		28346595191E4B6800991E62 /* overall2-green_r2_c4.png in Resources */ = {isa = PBXBuildFile; fileRef = 28346588191E4B6800991E62 /* overall2-green_r2_c4.png */; };
		28346596191E4B6800991E62 /* overall2-green_r2_c6.png in Resources */ = {isa = PBXBuildFile; fileRef = 28346589191E4B6800991E62 /* overall2-green_r2_c6.png */; };
		28346597191E4B6800991E62 /* overall2-green_r4_c2.png in Resources */ = {isa = PBXBuildFile; fileRef = 2834658A191E4B6800991E62 /* overall2-green_r4_c2.png */; };
		28346598191E4B6800991E62 /* overall2-green_r4_c4.png in Resources */ = {isa = PBXBuildFile; fileRef = 2834658B191E4B6800991E62 /* overall2-green_r4_c4.png */; };
		28346599191E4B6800991E62 /* overall2-green_r4_c6.png in Resources */ = {isa = PBXBuildFile; fileRef = 2834658C191E4B6800991E62 /* overall2-green_r4_c6.png */; };
		2834659A191E4B6800991E62 /* overall2-green_r5_c1.png in Resources */ = {isa = PBXBuildFile; fileRef = 2834658D191E4B6800991E62 /* overall2-green_r5_c1.png */; };
		2834659B191E4B6800991E62 /* overall2-green_r5_c2.png in Resources */ = {isa = PBXBuildFile; fileRef = 2834658E191E4B6800991E62 /* overall2-green_r5_c2.png */; };
		2834659C191E4B6800991E62 /* overall2-green_r5_c4.png in Resources */ = {isa = PBXBuildFile; fileRef = 2834658F191E4B6800991E62 /* overall2-green_r5_c4.png */; };
		2834659D191E4B6800991E62 /* overall2-green_r5_c6.png in Resources */ = {isa = PBXBuildFile; fileRef = 28346590191E4B6800991E62 /* overall2-green_r5_c6.png */; };
		2834659E191E4B6800991E62 /* overall2-green_r5_c9.png in Resources */ = {isa = PBXBuildFile; fileRef = 28346591191E4B6800991E62 /* overall2-green_r5_c9.png */; };
		2834659F191E4B6800991E62 /* overall2-green_r6_c5.png in Resources */ = {isa = PBXBuildFile; fileRef = 28346592191E4B6800991E62 /* overall2-green_r6_c5.png */; };
		283465AD191E4D4600991E62 /* overall2-red_r1_c4.png in Resources */ = {isa = PBXBuildFile; fileRef = 283465A0191E4D4600991E62 /* overall2-red_r1_c4.png */; };
		283465AE191E4D4600991E62 /* overall2-red_r1_c6.png in Resources */ = {isa = PBXBuildFile; fileRef = 283465A1191E4D4600991E62 /* overall2-red_r1_c6.png */; };
		283465AF191E4D4600991E62 /* overall2-red_r2_c4.png in Resources */ = {isa = PBXBuildFile; fileRef = 283465A2191E4D4600991E62 /* overall2-red_r2_c4.png */; };
		283465B0191E4D4600991E62 /* overall2-red_r2_c6.png in Resources */ = {isa = PBXBuildFile; fileRef = 283465A3191E4D4600991E62 /* overall2-red_r2_c6.png */; };
		283465B1191E4D4600991E62 /* overall2-red_r4_c2.png in Resources */ = {isa = PBXBuildFile; fileRef = 283465A4191E4D4600991E62 /* overall2-red_r4_c2.png */; };
		283465B2191E4D4600991E62 /* overall2-red_r4_c4.png in Resources */ = {isa = PBXBuildFile; fileRef = 283465A5191E4D4600991E62 /* overall2-red_r4_c4.png */; };
		283465B3191E4D4600991E62 /* overall2-red_r4_c6.png in Resources */ = {isa = PBXBuildFile; fileRef = 283465A6191E4D4600991E62 /* overall2-red_r4_c6.png */; };
		283465B4191E4D4600991E62 /* overall2-red_r5_c1.png in Resources */ = {isa = PBXBuildFile; fileRef = 283465A7191E4D4600991E62 /* overall2-red_r5_c1.png */; };
		283465B5191E4D4600991E62 /* overall2-red_r5_c2.png in Resources */ = {isa = PBXBuildFile; fileRef = 283465A8191E4D4600991E62 /* overall2-red_r5_c2.png */; };
		283465B6191E4D4600991E62 /* overall2-red_r5_c4.png in Resources */ = {isa = PBXBuildFile; fileRef = 283465A9191E4D4600991E62 /* overall2-red_r5_c4.png */; };
		283465B7191E4D4600991E62 /* overall2-red_r5_c6.png in Resources */ = {isa = PBXBuildFile; fileRef = 283465AA191E4D4600991E62 /* overall2-red_r5_c6.png */; };
		283465B8191E4D4600991E62 /* overall2-red_r5_c9.png in Resources */ = {isa = PBXBuildFile; fileRef = 283465AB191E4D4600991E62 /* overall2-red_r5_c9.png */; };
		283465B9191E4D4600991E62 /* overall2-red_r6_c5.png in Resources */ = {isa = PBXBuildFile; fileRef = 283465AC191E4D4600991E62 /* overall2-red_r6_c5.png */; };
		28A0A7FF190D9A12007AD860 /* CRColourButton.m in Sources */ = {isa = PBXBuildFile; fileRef = 28A0A7FE190D9A12007AD860 /* CRColourButton.m */; };
		28A0A8451912E386007AD860 /* circle.png in Resources */ = {isa = PBXBuildFile; fileRef = 28A0A8441912E386007AD860 /* circle.png */; };
		28A0A8481912E574007AD860 /* UIImage+Color.m in Sources */ = {isa = PBXBuildFile; fileRef = 28A0A8471912E574007AD860 /* UIImage+Color.m */; };
/* End PBXBuildFile section */

/* Begin PBXContainerItemProxy section */
		28196878190C57EF003EBD2F /* PBXContainerItemProxy */ = {
			isa = PBXContainerItemProxy;
			containerPortal = 28196847190C57EF003EBD2F /* Project object */;
			proxyType = 1;
			remoteGlobalIDString = 2819684E190C57EF003EBD2F;
			remoteInfo = ColourRun;
		};
/* End PBXContainerItemProxy section */

/* Begin PBXFileReference section */
		2819684F190C57EF003EBD2F /* ColourRun.app */ = {isa = PBXFileReference; explicitFileType = wrapper.application; includeInIndex = 0; path = ColourRun.app; sourceTree = BUILT_PRODUCTS_DIR; };
		28196852190C57EF003EBD2F /* Foundation.framework */ = {isa = PBXFileReference; lastKnownFileType = wrapper.framework; name = Foundation.framework; path = System/Library/Frameworks/Foundation.framework; sourceTree = SDKROOT; };
		28196854190C57EF003EBD2F /* CoreGraphics.framework */ = {isa = PBXFileReference; lastKnownFileType = wrapper.framework; name = CoreGraphics.framework; path = System/Library/Frameworks/CoreGraphics.framework; sourceTree = SDKROOT; };
		28196856190C57EF003EBD2F /* UIKit.framework */ = {isa = PBXFileReference; lastKnownFileType = wrapper.framework; name = UIKit.framework; path = System/Library/Frameworks/UIKit.framework; sourceTree = SDKROOT; };
		2819685A190C57EF003EBD2F /* ColourRun-Info.plist */ = {isa = PBXFileReference; lastKnownFileType = text.plist.xml; path = "ColourRun-Info.plist"; sourceTree = "<group>"; };
		2819685C190C57EF003EBD2F /* en */ = {isa = PBXFileReference; lastKnownFileType = text.plist.strings; name = en; path = en.lproj/InfoPlist.strings; sourceTree = "<group>"; };
		2819685E190C57EF003EBD2F /* main.m */ = {isa = PBXFileReference; lastKnownFileType = sourcecode.c.objc; path = main.m; sourceTree = "<group>"; };
		28196860190C57EF003EBD2F /* ColourRun-Prefix.pch */ = {isa = PBXFileReference; lastKnownFileType = sourcecode.c.h; path = "ColourRun-Prefix.pch"; sourceTree = "<group>"; };
		28196861190C57EF003EBD2F /* CRAppDelegate.h */ = {isa = PBXFileReference; lastKnownFileType = sourcecode.c.h; path = CRAppDelegate.h; sourceTree = "<group>"; };
		28196862190C57EF003EBD2F /* CRAppDelegate.m */ = {isa = PBXFileReference; lastKnownFileType = sourcecode.c.objc; path = CRAppDelegate.m; sourceTree = "<group>"; };
		28196865190C57EF003EBD2F /* Base */ = {isa = PBXFileReference; lastKnownFileType = file.storyboard; name = Base; path = Base.lproj/Main_iPhone.storyboard; sourceTree = "<group>"; };
		28196868190C57EF003EBD2F /* Base */ = {isa = PBXFileReference; lastKnownFileType = file.storyboard; name = Base; path = Base.lproj/Main_iPad.storyboard; sourceTree = "<group>"; };
		2819686A190C57EF003EBD2F /* CRViewController.h */ = {isa = PBXFileReference; lastKnownFileType = sourcecode.c.h; path = CRViewController.h; sourceTree = "<group>"; };
		2819686B190C57EF003EBD2F /* CRViewController.m */ = {isa = PBXFileReference; lastKnownFileType = sourcecode.c.objc; path = CRViewController.m; sourceTree = "<group>"; };
		2819686D190C57EF003EBD2F /* Images.xcassets */ = {isa = PBXFileReference; lastKnownFileType = folder.assetcatalog; path = Images.xcassets; sourceTree = "<group>"; };
		28196873190C57EF003EBD2F /* ColourRunTests.xctest */ = {isa = PBXFileReference; explicitFileType = wrapper.cfbundle; includeInIndex = 0; path = ColourRunTests.xctest; sourceTree = BUILT_PRODUCTS_DIR; };
		28196874190C57EF003EBD2F /* XCTest.framework */ = {isa = PBXFileReference; lastKnownFileType = wrapper.framework; name = XCTest.framework; path = Library/Frameworks/XCTest.framework; sourceTree = DEVELOPER_DIR; };
		2819687C190C57EF003EBD2F /* ColourRunTests-Info.plist */ = {isa = PBXFileReference; lastKnownFileType = text.plist.xml; path = "ColourRunTests-Info.plist"; sourceTree = "<group>"; };
		2819687E190C57EF003EBD2F /* en */ = {isa = PBXFileReference; lastKnownFileType = text.plist.strings; name = en; path = en.lproj/InfoPlist.strings; sourceTree = "<group>"; };
		28196880190C57EF003EBD2F /* ColourRunTests.m */ = {isa = PBXFileReference; lastKnownFileType = sourcecode.c.objc; path = ColourRunTests.m; sourceTree = "<group>"; };
		2819688A190C5A72003EBD2F /* CRColourGrid.h */ = {isa = PBXFileReference; fileEncoding = 4; lastKnownFileType = sourcecode.c.h; path = CRColourGrid.h; sourceTree = "<group>"; };
		2819688B190C5A72003EBD2F /* CRColourGrid.m */ = {isa = PBXFileReference; fileEncoding = 4; lastKnownFileType = sourcecode.c.objc; path = CRColourGrid.m; sourceTree = "<group>"; };
		2819688D190C5EAD003EBD2F /* CRGameView.h */ = {isa = PBXFileReference; fileEncoding = 4; lastKnownFileType = sourcecode.c.h; path = CRGameView.h; sourceTree = "<group>"; };
		2819688E190C5EAD003EBD2F /* CRGameView.m */ = {isa = PBXFileReference; fileEncoding = 4; lastKnownFileType = sourcecode.c.objc; path = CRGameView.m; sourceTree = "<group>"; };
		28196893190CF962003EBD2F /* CRColourCell.h */ = {isa = PBXFileReference; fileEncoding = 4; lastKnownFileType = sourcecode.c.h; path = CRColourCell.h; sourceTree = "<group>"; };
		28196894190CF962003EBD2F /* CRColourCell.m */ = {isa = PBXFileReference; fileEncoding = 4; lastKnownFileType = sourcecode.c.objc; path = CRColourCell.m; sourceTree = "<group>"; };
		283464A919182D9900991E62 /* algae-b.png */ = {isa = PBXFileReference; lastKnownFileType = image.png; path = "algae-b.png"; sourceTree = "<group>"; };
		283464D6191C150400991E62 /* overall.png */ = {isa = PBXFileReference; lastKnownFileType = image.png; path = overall.png; sourceTree = "<group>"; };
		283464D7191C150400991E62 /* overall2.png */ = {isa = PBXFileReference; lastKnownFileType = image.png; path = overall2.png; sourceTree = "<group>"; };
		283464E7191C1D7F00991E62 /* CRLozengeImage.h */ = {isa = PBXFileReference; fileEncoding = 4; lastKnownFileType = sourcecode.c.h; path = CRLozengeImage.h; sourceTree = "<group>"; };
		283464E8191C1D7F00991E62 /* CRLozengeImage.m */ = {isa = PBXFileReference; fileEncoding = 4; lastKnownFileType = sourcecode.c.objc; path = CRLozengeImage.m; sourceTree = "<group>"; };
		2834651E191E31B600991E62 /* overall2-blue_r1_c4.png */ = {isa = PBXFileReference; lastKnownFileType = image.png; path = "overall2-blue_r1_c4.png"; sourceTree = "<group>"; };
		2834651F191E31B600991E62 /* overall2-blue_r1_c6.png */ = {isa = PBXFileReference; lastKnownFileType = image.png; path = "overall2-blue_r1_c6.png"; sourceTree = "<group>"; };
		28346520191E31B600991E62 /* overall2-blue_r2_c4.png */ = {isa = PBXFileReference; lastKnownFileType = image.png; path = "overall2-blue_r2_c4.png"; sourceTree = "<group>"; };
		28346521191E31B600991E62 /* overall2-blue_r2_c6.png */ = {isa = PBXFileReference; lastKnownFileType = image.png; path = "overall2-blue_r2_c6.png"; sourceTree = "<group>"; };
		28346522191E31B600991E62 /* overall2-blue_r4_c2.png */ = {isa = PBXFileReference; lastKnownFileType = image.png; path = "overall2-blue_r4_c2.png"; sourceTree = "<group>"; };
		28346523191E31B600991E62 /* overall2-blue_r4_c4.png */ = {isa = PBXFileReference; lastKnownFileType = image.png; path = "overall2-blue_r4_c4.png"; sourceTree = "<group>"; };
		28346524191E31B600991E62 /* overall2-blue_r4_c6.png */ = {isa = PBXFileReference; lastKnownFileType = image.png; path = "overall2-blue_r4_c6.png"; sourceTree = "<group>"; };
		28346525191E31B600991E62 /* overall2-blue_r5_c1.png */ = {isa = PBXFileReference; lastKnownFileType = image.png; path = "overall2-blue_r5_c1.png"; sourceTree = "<group>"; };
		28346526191E31B600991E62 /* overall2-blue_r5_c2.png */ = {isa = PBXFileReference; lastKnownFileType = image.png; path = "overall2-blue_r5_c2.png"; sourceTree = "<group>"; };
		28346527191E31B600991E62 /* overall2-blue_r5_c4.png */ = {isa = PBXFileReference; lastKnownFileType = image.png; path = "overall2-blue_r5_c4.png"; sourceTree = "<group>"; };
		28346528191E31B600991E62 /* overall2-blue_r5_c6.png */ = {isa = PBXFileReference; lastKnownFileType = image.png; path = "overall2-blue_r5_c6.png"; sourceTree = "<group>"; };
		28346529191E31B600991E62 /* overall2-blue_r5_c9.png */ = {isa = PBXFileReference; lastKnownFileType = image.png; path = "overall2-blue_r5_c9.png"; sourceTree = "<group>"; };
		2834652A191E31B600991E62 /* overall2-blue_r6_c5.png */ = {isa = PBXFileReference; lastKnownFileType = image.png; path = "overall2-blue_r6_c5.png"; sourceTree = "<group>"; };
		2834656C191E49B700991E62 /* overall2-yellow_r1_c4.png */ = {isa = PBXFileReference; lastKnownFileType = image.png; path = "overall2-yellow_r1_c4.png"; sourceTree = "<group>"; };
		2834656D191E49B700991E62 /* overall2-yellow_r1_c6.png */ = {isa = PBXFileReference; lastKnownFileType = image.png; path = "overall2-yellow_r1_c6.png"; sourceTree = "<group>"; };
		2834656E191E49B700991E62 /* overall2-yellow_r2_c4.png */ = {isa = PBXFileReference; lastKnownFileType = image.png; path = "overall2-yellow_r2_c4.png"; sourceTree = "<group>"; };
		2834656F191E49B700991E62 /* overall2-yellow_r2_c6.png */ = {isa = PBXFileReference; lastKnownFileType = image.png; path = "overall2-yellow_r2_c6.png"; sourceTree = "<group>"; };
		28346570191E49B700991E62 /* overall2-yellow_r4_c2.png */ = {isa = PBXFileReference; lastKnownFileType = image.png; path = "overall2-yellow_r4_c2.png"; sourceTree = "<group>"; };
		28346571191E49B700991E62 /* overall2-yellow_r4_c4.png */ = {isa = PBXFileReference; lastKnownFileType = image.png; path = "overall2-yellow_r4_c4.png"; sourceTree = "<group>"; };
		28346572191E49B700991E62 /* overall2-yellow_r4_c6.png */ = {isa = PBXFileReference; lastKnownFileType = image.png; path = "overall2-yellow_r4_c6.png"; sourceTree = "<group>"; };
		28346573191E49B700991E62 /* overall2-yellow_r5_c1.png */ = {isa = PBXFileReference; lastKnownFileType = image.png; path = "overall2-yellow_r5_c1.png"; sourceTree = "<group>"; };
		28346574191E49B700991E62 /* overall2-yellow_r5_c2.png */ = {isa = PBXFileReference; lastKnownFileType = image.png; path = "overall2-yellow_r5_c2.png"; sourceTree = "<group>"; };
		28346575191E49B700991E62 /* overall2-yellow_r5_c4.png */ = {isa = PBXFileReference; lastKnownFileType = image.png; path = "overall2-yellow_r5_c4.png"; sourceTree = "<group>"; };
		28346576191E49B700991E62 /* overall2-yellow_r5_c6.png */ = {isa = PBXFileReference; lastKnownFileType = image.png; path = "overall2-yellow_r5_c6.png"; sourceTree = "<group>"; };
		28346577191E49B700991E62 /* overall2-yellow_r5_c9.png */ = {isa = PBXFileReference; lastKnownFileType = image.png; path = "overall2-yellow_r5_c9.png"; sourceTree = "<group>"; };
		28346578191E49B700991E62 /* overall2-yellow_r6_c5.png */ = {isa = PBXFileReference; lastKnownFileType = image.png; path = "overall2-yellow_r6_c5.png"; sourceTree = "<group>"; };
		28346586191E4B6800991E62 /* overall2-green_r1_c4.png */ = {isa = PBXFileReference; lastKnownFileType = image.png; path = "overall2-green_r1_c4.png"; sourceTree = "<group>"; };
		28346587191E4B6800991E62 /* overall2-green_r1_c6.png */ = {isa = PBXFileReference; lastKnownFileType = image.png; path = "overall2-green_r1_c6.png"; sourceTree = "<group>"; };
		28346588191E4B6800991E62 /* overall2-green_r2_c4.png */ = {isa = PBXFileReference; lastKnownFileType = image.png; path = "overall2-green_r2_c4.png"; sourceTree = "<group>"; };
		28346589191E4B6800991E62 /* overall2-green_r2_c6.png */ = {isa = PBXFileReference; lastKnownFileType = image.png; path = "overall2-green_r2_c6.png"; sourceTree = "<group>"; };
		2834658A191E4B6800991E62 /* overall2-green_r4_c2.png */ = {isa = PBXFileReference; lastKnownFileType = image.png; path = "overall2-green_r4_c2.png"; sourceTree = "<group>"; };
		2834658B191E4B6800991E62 /* overall2-green_r4_c4.png */ = {isa = PBXFileReference; lastKnownFileType = image.png; path = "overall2-green_r4_c4.png"; sourceTree = "<group>"; };
		2834658C191E4B6800991E62 /* overall2-green_r4_c6.png */ = {isa = PBXFileReference; lastKnownFileType = image.png; path = "overall2-green_r4_c6.png"; sourceTree = "<group>"; };
		2834658D191E4B6800991E62 /* overall2-green_r5_c1.png */ = {isa = PBXFileReference; lastKnownFileType = image.png; path = "overall2-green_r5_c1.png"; sourceTree = "<group>"; };
		2834658E191E4B6800991E62 /* overall2-green_r5_c2.png */ = {isa = PBXFileReference; lastKnownFileType = image.png; path = "overall2-green_r5_c2.png"; sourceTree = "<group>"; };
		2834658F191E4B6800991E62 /* overall2-green_r5_c4.png */ = {isa = PBXFileReference; lastKnownFileType = image.png; path = "overall2-green_r5_c4.png"; sourceTree = "<group>"; };
		28346590191E4B6800991E62 /* overall2-green_r5_c6.png */ = {isa = PBXFileReference; lastKnownFileType = image.png; path = "overall2-green_r5_c6.png"; sourceTree = "<group>"; };
		28346591191E4B6800991E62 /* overall2-green_r5_c9.png */ = {isa = PBXFileReference; lastKnownFileType = image.png; path = "overall2-green_r5_c9.png"; sourceTree = "<group>"; };
		28346592191E4B6800991E62 /* overall2-green_r6_c5.png */ = {isa = PBXFileReference; lastKnownFileType = image.png; path = "overall2-green_r6_c5.png"; sourceTree = "<group>"; };
		283465A0191E4D4600991E62 /* overall2-red_r1_c4.png */ = {isa = PBXFileReference; lastKnownFileType = image.png; path = "overall2-red_r1_c4.png"; sourceTree = "<group>"; };
		283465A1191E4D4600991E62 /* overall2-red_r1_c6.png */ = {isa = PBXFileReference; lastKnownFileType = image.png; path = "overall2-red_r1_c6.png"; sourceTree = "<group>"; };
		283465A2191E4D4600991E62 /* overall2-red_r2_c4.png */ = {isa = PBXFileReference; lastKnownFileType = image.png; path = "overall2-red_r2_c4.png"; sourceTree = "<group>"; };
		283465A3191E4D4600991E62 /* overall2-red_r2_c6.png */ = {isa = PBXFileReference; lastKnownFileType = image.png; path = "overall2-red_r2_c6.png"; sourceTree = "<group>"; };
		283465A4191E4D4600991E62 /* overall2-red_r4_c2.png */ = {isa = PBXFileReference; lastKnownFileType = image.png; path = "overall2-red_r4_c2.png"; sourceTree = "<group>"; };
		283465A5191E4D4600991E62 /* overall2-red_r4_c4.png */ = {isa = PBXFileReference; lastKnownFileType = image.png; path = "overall2-red_r4_c4.png"; sourceTree = "<group>"; };
		283465A6191E4D4600991E62 /* overall2-red_r4_c6.png */ = {isa = PBXFileReference; lastKnownFileType = image.png; path = "overall2-red_r4_c6.png"; sourceTree = "<group>"; };
		283465A7191E4D4600991E62 /* overall2-red_r5_c1.png */ = {isa = PBXFileReference; lastKnownFileType = image.png; path = "overall2-red_r5_c1.png"; sourceTree = "<group>"; };
		283465A8191E4D4600991E62 /* overall2-red_r5_c2.png */ = {isa = PBXFileReference; lastKnownFileType = image.png; path = "overall2-red_r5_c2.png"; sourceTree = "<group>"; };
		283465A9191E4D4600991E62 /* overall2-red_r5_c4.png */ = {isa = PBXFileReference; lastKnownFileType = image.png; path = "overall2-red_r5_c4.png"; sourceTree = "<group>"; };
		283465AA191E4D4600991E62 /* overall2-red_r5_c6.png */ = {isa = PBXFileReference; lastKnownFileType = image.png; path = "overall2-red_r5_c6.png"; sourceTree = "<group>"; };
		283465AB191E4D4600991E62 /* overall2-red_r5_c9.png */ = {isa = PBXFileReference; lastKnownFileType = image.png; path = "overall2-red_r5_c9.png"; sourceTree = "<group>"; };
		283465AC191E4D4600991E62 /* overall2-red_r6_c5.png */ = {isa = PBXFileReference; lastKnownFileType = image.png; path = "overall2-red_r6_c5.png"; sourceTree = "<group>"; };
		28A0A7FD190D9A12007AD860 /* CRColourButton.h */ = {isa = PBXFileReference; fileEncoding = 4; lastKnownFileType = sourcecode.c.h; path = CRColourButton.h; sourceTree = "<group>"; };
		28A0A7FE190D9A12007AD860 /* CRColourButton.m */ = {isa = PBXFileReference; fileEncoding = 4; lastKnownFileType = sourcecode.c.objc; path = CRColourButton.m; sourceTree = "<group>"; };
		28A0A8441912E386007AD860 /* circle.png */ = {isa = PBXFileReference; lastKnownFileType = image.png; path = circle.png; sourceTree = "<group>"; };
		28A0A8461912E574007AD860 /* UIImage+Color.h */ = {isa = PBXFileReference; fileEncoding = 4; lastKnownFileType = sourcecode.c.h; path = "UIImage+Color.h"; sourceTree = "<group>"; };
		28A0A8471912E574007AD860 /* UIImage+Color.m */ = {isa = PBXFileReference; fileEncoding = 4; lastKnownFileType = sourcecode.c.objc; path = "UIImage+Color.m"; sourceTree = "<group>"; };
/* End PBXFileReference section */

/* Begin PBXFrameworksBuildPhase section */
		2819684C190C57EF003EBD2F /* Frameworks */ = {
			isa = PBXFrameworksBuildPhase;
			buildActionMask = 2147483647;
			files = (
				28196855190C57EF003EBD2F /* CoreGraphics.framework in Frameworks */,
				28196857190C57EF003EBD2F /* UIKit.framework in Frameworks */,
				28196853190C57EF003EBD2F /* Foundation.framework in Frameworks */,
			);
			runOnlyForDeploymentPostprocessing = 0;
		};
		28196870190C57EF003EBD2F /* Frameworks */ = {
			isa = PBXFrameworksBuildPhase;
			buildActionMask = 2147483647;
			files = (
				28196875190C57EF003EBD2F /* XCTest.framework in Frameworks */,
				28196877190C57EF003EBD2F /* UIKit.framework in Frameworks */,
				28196876190C57EF003EBD2F /* Foundation.framework in Frameworks */,
			);
			runOnlyForDeploymentPostprocessing = 0;
		};
/* End PBXFrameworksBuildPhase section */

/* Begin PBXGroup section */
		28196846190C57EF003EBD2F = {
			isa = PBXGroup;
			children = (
				28196858190C57EF003EBD2F /* ColourRun */,
				2819687A190C57EF003EBD2F /* ColourRunTests */,
				28196851190C57EF003EBD2F /* Frameworks */,
				28196850190C57EF003EBD2F /* Products */,
			);
			sourceTree = "<group>";
		};
		28196850190C57EF003EBD2F /* Products */ = {
			isa = PBXGroup;
			children = (
				2819684F190C57EF003EBD2F /* ColourRun.app */,
				28196873190C57EF003EBD2F /* ColourRunTests.xctest */,
			);
			name = Products;
			sourceTree = "<group>";
		};
		28196851190C57EF003EBD2F /* Frameworks */ = {
			isa = PBXGroup;
			children = (
				28196852190C57EF003EBD2F /* Foundation.framework */,
				28196854190C57EF003EBD2F /* CoreGraphics.framework */,
				28196856190C57EF003EBD2F /* UIKit.framework */,
				28196874190C57EF003EBD2F /* XCTest.framework */,
			);
			name = Frameworks;
			sourceTree = "<group>";
		};
		28196858190C57EF003EBD2F /* ColourRun */ = {
			isa = PBXGroup;
			children = (
				28196890190CF8AB003EBD2F /* Models */,
				28196891190CF8B6003EBD2F /* Views */,
				28196892190CF8C0003EBD2F /* Controllers */,
				28196861190C57EF003EBD2F /* CRAppDelegate.h */,
				28196862190C57EF003EBD2F /* CRAppDelegate.m */,
				28196864190C57EF003EBD2F /* Main_iPhone.storyboard */,
				28196867190C57EF003EBD2F /* Main_iPad.storyboard */,
				2819686D190C57EF003EBD2F /* Images.xcassets */,
				28196859190C57EF003EBD2F /* Supporting Files */,
			);
			path = ColourRun;
			sourceTree = "<group>";
		};
		28196859190C57EF003EBD2F /* Supporting Files */ = {
			isa = PBXGroup;
			children = (
				283464C7191C150400991E62 /* V4 */,
				283464A919182D9900991E62 /* algae-b.png */,
				28A0A8441912E386007AD860 /* circle.png */,
				2819685A190C57EF003EBD2F /* ColourRun-Info.plist */,
				2819685B190C57EF003EBD2F /* InfoPlist.strings */,
				2819685E190C57EF003EBD2F /* main.m */,
				28196860190C57EF003EBD2F /* ColourRun-Prefix.pch */,
			);
			name = "Supporting Files";
			sourceTree = "<group>";
		};
		2819687A190C57EF003EBD2F /* ColourRunTests */ = {
			isa = PBXGroup;
			children = (
				28196880190C57EF003EBD2F /* ColourRunTests.m */,
				2819687B190C57EF003EBD2F /* Supporting Files */,
			);
			path = ColourRunTests;
			sourceTree = "<group>";
		};
		2819687B190C57EF003EBD2F /* Supporting Files */ = {
			isa = PBXGroup;
			children = (
				2819687C190C57EF003EBD2F /* ColourRunTests-Info.plist */,
				2819687D190C57EF003EBD2F /* InfoPlist.strings */,
			);
			name = "Supporting Files";
			sourceTree = "<group>";
		};
		28196890190CF8AB003EBD2F /* Models */ = {
			isa = PBXGroup;
			children = (
				2819688A190C5A72003EBD2F /* CRColourGrid.h */,
				2819688B190C5A72003EBD2F /* CRColourGrid.m */,
				28196893190CF962003EBD2F /* CRColourCell.h */,
				28196894190CF962003EBD2F /* CRColourCell.m */,
			);
			name = Models;
			sourceTree = "<group>";
		};
		28196891190CF8B6003EBD2F /* Views */ = {
			isa = PBXGroup;
			children = (
				2819688D190C5EAD003EBD2F /* CRGameView.h */,
				2819688E190C5EAD003EBD2F /* CRGameView.m */,
				28A0A8461912E574007AD860 /* UIImage+Color.h */,
				28A0A8471912E574007AD860 /* UIImage+Color.m */,
				28A0A7FD190D9A12007AD860 /* CRColourButton.h */,
				28A0A7FE190D9A12007AD860 /* CRColourButton.m */,
				283464E7191C1D7F00991E62 /* CRLozengeImage.h */,
				283464E8191C1D7F00991E62 /* CRLozengeImage.m */,
			);
			name = Views;
			sourceTree = "<group>";
		};
		28196892190CF8C0003EBD2F /* Controllers */ = {
			isa = PBXGroup;
			children = (
				2819686A190C57EF003EBD2F /* CRViewController.h */,
				2819686B190C57EF003EBD2F /* CRViewController.m */,
			);
			name = Controllers;
			sourceTree = "<group>";
		};
		283464C7191C150400991E62 /* V4 */ = {
			isa = PBXGroup;
			children = (
				283464C8191C150400991E62 /* output */,
				283464D6191C150400991E62 /* overall.png */,
				283464D7191C150400991E62 /* overall2.png */,
			);
			path = V4;
			sourceTree = "<group>";
		};
		283464C8191C150400991E62 /* output */ = {
			isa = PBXGroup;
			children = (
				283465A0191E4D4600991E62 /* overall2-red_r1_c4.png */,
				283465A1191E4D4600991E62 /* overall2-red_r1_c6.png */,
				283465A2191E4D4600991E62 /* overall2-red_r2_c4.png */,
				283465A3191E4D4600991E62 /* overall2-red_r2_c6.png */,
				283465A4191E4D4600991E62 /* overall2-red_r4_c2.png */,
				283465A5191E4D4600991E62 /* overall2-red_r4_c4.png */,
				283465A6191E4D4600991E62 /* overall2-red_r4_c6.png */,
				283465A7191E4D4600991E62 /* overall2-red_r5_c1.png */,
				283465A8191E4D4600991E62 /* overall2-red_r5_c2.png */,
				283465A9191E4D4600991E62 /* overall2-red_r5_c4.png */,
				283465AA191E4D4600991E62 /* overall2-red_r5_c6.png */,
				283465AB191E4D4600991E62 /* overall2-red_r5_c9.png */,
				283465AC191E4D4600991E62 /* overall2-red_r6_c5.png */,
				28346586191E4B6800991E62 /* overall2-green_r1_c4.png */,
				28346587191E4B6800991E62 /* overall2-green_r1_c6.png */,
				28346588191E4B6800991E62 /* overall2-green_r2_c4.png */,
				28346589191E4B6800991E62 /* overall2-green_r2_c6.png */,
				2834658A191E4B6800991E62 /* overall2-green_r4_c2.png */,
				2834658B191E4B6800991E62 /* overall2-green_r4_c4.png */,
				2834658C191E4B6800991E62 /* overall2-green_r4_c6.png */,
				2834658D191E4B6800991E62 /* overall2-green_r5_c1.png */,
				2834658E191E4B6800991E62 /* overall2-green_r5_c2.png */,
				2834658F191E4B6800991E62 /* overall2-green_r5_c4.png */,
				28346590191E4B6800991E62 /* overall2-green_r5_c6.png */,
				28346591191E4B6800991E62 /* overall2-green_r5_c9.png */,
				28346592191E4B6800991E62 /* overall2-green_r6_c5.png */,
				2834656C191E49B700991E62 /* overall2-yellow_r1_c4.png */,
				2834656D191E49B700991E62 /* overall2-yellow_r1_c6.png */,
				2834656E191E49B700991E62 /* overall2-yellow_r2_c4.png */,
				2834656F191E49B700991E62 /* overall2-yellow_r2_c6.png */,
				28346570191E49B700991E62 /* overall2-yellow_r4_c2.png */,
				28346571191E49B700991E62 /* overall2-yellow_r4_c4.png */,
				28346572191E49B700991E62 /* overall2-yellow_r4_c6.png */,
				28346573191E49B700991E62 /* overall2-yellow_r5_c1.png */,
				28346574191E49B700991E62 /* overall2-yellow_r5_c2.png */,
				28346575191E49B700991E62 /* overall2-yellow_r5_c4.png */,
				28346576191E49B700991E62 /* overall2-yellow_r5_c6.png */,
				28346577191E49B700991E62 /* overall2-yellow_r5_c9.png */,
				28346578191E49B700991E62 /* overall2-yellow_r6_c5.png */,
				2834651E191E31B600991E62 /* overall2-blue_r1_c4.png */,
				2834651F191E31B600991E62 /* overall2-blue_r1_c6.png */,
				28346520191E31B600991E62 /* overall2-blue_r2_c4.png */,
				28346521191E31B600991E62 /* overall2-blue_r2_c6.png */,
				28346522191E31B600991E62 /* overall2-blue_r4_c2.png */,
				28346523191E31B600991E62 /* overall2-blue_r4_c4.png */,
				28346524191E31B600991E62 /* overall2-blue_r4_c6.png */,
				28346525191E31B600991E62 /* overall2-blue_r5_c1.png */,
				28346526191E31B600991E62 /* overall2-blue_r5_c2.png */,
				28346527191E31B600991E62 /* overall2-blue_r5_c4.png */,
				28346528191E31B600991E62 /* overall2-blue_r5_c6.png */,
				28346529191E31B600991E62 /* overall2-blue_r5_c9.png */,
				2834652A191E31B600991E62 /* overall2-blue_r6_c5.png */,
			);
			path = output;
			sourceTree = "<group>";
		};
/* End PBXGroup section */

/* Begin PBXNativeTarget section */
		2819684E190C57EF003EBD2F /* ColourRun */ = {
			isa = PBXNativeTarget;
			buildConfigurationList = 28196884190C57EF003EBD2F /* Build configuration list for PBXNativeTarget "ColourRun" */;
			buildPhases = (
				2819684B190C57EF003EBD2F /* Sources */,
				2819684C190C57EF003EBD2F /* Frameworks */,
				2819684D190C57EF003EBD2F /* Resources */,
			);
			buildRules = (
			);
			dependencies = (
			);
			name = ColourRun;
			productName = ColourRun;
			productReference = 2819684F190C57EF003EBD2F /* ColourRun.app */;
			productType = "com.apple.product-type.application";
		};
		28196872190C57EF003EBD2F /* ColourRunTests */ = {
			isa = PBXNativeTarget;
			buildConfigurationList = 28196887190C57EF003EBD2F /* Build configuration list for PBXNativeTarget "ColourRunTests" */;
			buildPhases = (
				2819686F190C57EF003EBD2F /* Sources */,
				28196870190C57EF003EBD2F /* Frameworks */,
				28196871190C57EF003EBD2F /* Resources */,
			);
			buildRules = (
			);
			dependencies = (
				28196879190C57EF003EBD2F /* PBXTargetDependency */,
			);
			name = ColourRunTests;
			productName = ColourRunTests;
			productReference = 28196873190C57EF003EBD2F /* ColourRunTests.xctest */;
			productType = "com.apple.product-type.bundle.unit-test";
		};
/* End PBXNativeTarget section */

/* Begin PBXProject section */
		28196847190C57EF003EBD2F /* Project object */ = {
			isa = PBXProject;
			attributes = {
				CLASSPREFIX = CR;
				LastUpgradeCheck = 0510;
				ORGANIZATIONNAME = Ian;
				TargetAttributes = {
					28196872190C57EF003EBD2F = {
						TestTargetID = 2819684E190C57EF003EBD2F;
					};
				};
			};
			buildConfigurationList = 2819684A190C57EF003EBD2F /* Build configuration list for PBXProject "ColourRun" */;
			compatibilityVersion = "Xcode 3.2";
			developmentRegion = English;
			hasScannedForEncodings = 0;
			knownRegions = (
				en,
				Base,
			);
			mainGroup = 28196846190C57EF003EBD2F;
			productRefGroup = 28196850190C57EF003EBD2F /* Products */;
			projectDirPath = "";
			projectRoot = "";
			targets = (
				2819684E190C57EF003EBD2F /* ColourRun */,
				28196872190C57EF003EBD2F /* ColourRunTests */,
			);
		};
/* End PBXProject section */

/* Begin PBXResourcesBuildPhase section */
		2819684D190C57EF003EBD2F /* Resources */ = {
			isa = PBXResourcesBuildPhase;
			buildActionMask = 2147483647;
			files = (
				28346597191E4B6800991E62 /* overall2-green_r4_c2.png in Resources */,
				28346585191E49B700991E62 /* overall2-yellow_r6_c5.png in Resources */,
				283465B7191E4D4600991E62 /* overall2-red_r5_c6.png in Resources */,
				28196869190C57EF003EBD2F /* Main_iPad.storyboard in Resources */,
				2834657D191E49B700991E62 /* overall2-yellow_r4_c2.png in Resources */,
				2819686E190C57EF003EBD2F /* Images.xcassets in Resources */,
				28346532191E31B600991E62 /* overall2-blue_r5_c1.png in Resources */,
				283465B4191E4D4600991E62 /* overall2-red_r5_c1.png in Resources */,
				28346535191E31B600991E62 /* overall2-blue_r5_c6.png in Resources */,
				28A0A8451912E386007AD860 /* circle.png in Resources */,
				2834657E191E49B700991E62 /* overall2-yellow_r4_c4.png in Resources */,
				28346580191E49B700991E62 /* overall2-yellow_r5_c1.png in Resources */,
				2834657B191E49B700991E62 /* overall2-yellow_r2_c4.png in Resources */,
				28346598191E4B6800991E62 /* overall2-green_r4_c4.png in Resources */,
				28196866190C57EF003EBD2F /* Main_iPhone.storyboard in Resources */,
				283465B8191E4D4600991E62 /* overall2-red_r5_c9.png in Resources */,
				283465B1191E4D4600991E62 /* overall2-red_r4_c2.png in Resources */,
				2834659E191E4B6800991E62 /* overall2-green_r5_c9.png in Resources */,
				28346581191E49B700991E62 /* overall2-yellow_r5_c2.png in Resources */,
				2834659D191E4B6800991E62 /* overall2-green_r5_c6.png in Resources */,
				28346579191E49B700991E62 /* overall2-yellow_r1_c4.png in Resources */,
				283465AF191E4D4600991E62 /* overall2-red_r2_c4.png in Resources */,
				2834659B191E4B6800991E62 /* overall2-green_r5_c2.png in Resources */,
				283464E6191C150400991E62 /* overall2.png in Resources */,
				2834657A191E49B700991E62 /* overall2-yellow_r1_c6.png in Resources */,
				2834657C191E49B700991E62 /* overall2-yellow_r2_c6.png in Resources */,
				28346534191E31B600991E62 /* overall2-blue_r5_c4.png in Resources */,
				2834652D191E31B600991E62 /* overall2-blue_r2_c4.png in Resources */,
				283465B0191E4D4600991E62 /* overall2-red_r2_c6.png in Resources */,
				28346533191E31B600991E62 /* overall2-blue_r5_c2.png in Resources */,
				283465B9191E4D4600991E62 /* overall2-red_r6_c5.png in Resources */,
				2834652C191E31B600991E62 /* overall2-blue_r1_c6.png in Resources */,
				283465B2191E4D4600991E62 /* overall2-red_r4_c4.png in Resources */,
				283465AE191E4D4600991E62 /* overall2-red_r1_c6.png in Resources */,
				28346536191E31B600991E62 /* overall2-blue_r5_c9.png in Resources */,
				2834659A191E4B6800991E62 /* overall2-green_r5_c1.png in Resources */,
				2834652B191E31B600991E62 /* overall2-blue_r1_c4.png in Resources */,
				283465B5191E4D4600991E62 /* overall2-red_r5_c2.png in Resources */,
				28346593191E4B6800991E62 /* overall2-green_r1_c4.png in Resources */,
				28346596191E4B6800991E62 /* overall2-green_r2_c6.png in Resources */,
				283465B6191E4D4600991E62 /* overall2-red_r5_c4.png in Resources */,
				28346537191E31B600991E62 /* overall2-blue_r6_c5.png in Resources */,
				28346584191E49B700991E62 /* overall2-yellow_r5_c9.png in Resources */,
				283465AD191E4D4600991E62 /* overall2-red_r1_c4.png in Resources */,
				28346531191E31B600991E62 /* overall2-blue_r4_c6.png in Resources */,
				2834652F191E31B600991E62 /* overall2-blue_r4_c2.png in Resources */,
				2834652E191E31B600991E62 /* overall2-blue_r2_c6.png in Resources */,
				283464E5191C150400991E62 /* overall.png in Resources */,
				28346583191E49B700991E62 /* overall2-yellow_r5_c6.png in Resources */,
				28346594191E4B6800991E62 /* overall2-green_r1_c6.png in Resources */,
				2834659C191E4B6800991E62 /* overall2-green_r5_c4.png in Resources */,
				2834659F191E4B6800991E62 /* overall2-green_r6_c5.png in Resources */,
				283464AA19182D9900991E62 /* algae-b.png in Resources */,
				28346582191E49B700991E62 /* overall2-yellow_r5_c4.png in Resources */,
				2834657F191E49B700991E62 /* overall2-yellow_r4_c6.png in Resources */,
				283465B3191E4D4600991E62 /* overall2-red_r4_c6.png in Resources */,
				28346595191E4B6800991E62 /* overall2-green_r2_c4.png in Resources */,
				28346530191E31B600991E62 /* overall2-blue_r4_c4.png in Resources */,
				2819685D190C57EF003EBD2F /* InfoPlist.strings in Resources */,
				28346599191E4B6800991E62 /* overall2-green_r4_c6.png in Resources */,
			);
			runOnlyForDeploymentPostprocessing = 0;
		};
		28196871190C57EF003EBD2F /* Resources */ = {
			isa = PBXResourcesBuildPhase;
			buildActionMask = 2147483647;
			files = (
				2819687F190C57EF003EBD2F /* InfoPlist.strings in Resources */,
			);
			runOnlyForDeploymentPostprocessing = 0;
		};
/* End PBXResourcesBuildPhase section */

/* Begin PBXSourcesBuildPhase section */
		2819684B190C57EF003EBD2F /* Sources */ = {
			isa = PBXSourcesBuildPhase;
			buildActionMask = 2147483647;
			files = (
				2819688C190C5A72003EBD2F /* CRColourGrid.m in Sources */,
				2819688F190C5EAD003EBD2F /* CRGameView.m in Sources */,
				28196895190CF962003EBD2F /* CRColourCell.m in Sources */,
				283464E9191C1D7F00991E62 /* CRLozengeImage.m in Sources */,
				2819685F190C57EF003EBD2F /* main.m in Sources */,
				28196863190C57EF003EBD2F /* CRAppDelegate.m in Sources */,
				28A0A8481912E574007AD860 /* UIImage+Color.m in Sources */,
				28A0A7FF190D9A12007AD860 /* CRColourButton.m in Sources */,
				2819686C190C57EF003EBD2F /* CRViewController.m in Sources */,
			);
			runOnlyForDeploymentPostprocessing = 0;
		};
		2819686F190C57EF003EBD2F /* Sources */ = {
			isa = PBXSourcesBuildPhase;
			buildActionMask = 2147483647;
			files = (
				28196881190C57EF003EBD2F /* ColourRunTests.m in Sources */,
			);
			runOnlyForDeploymentPostprocessing = 0;
		};
/* End PBXSourcesBuildPhase section */

/* Begin PBXTargetDependency section */
		28196879190C57EF003EBD2F /* PBXTargetDependency */ = {
			isa = PBXTargetDependency;
			target = 2819684E190C57EF003EBD2F /* ColourRun */;
			targetProxy = 28196878190C57EF003EBD2F /* PBXContainerItemProxy */;
		};
/* End PBXTargetDependency section */

/* Begin PBXVariantGroup section */
		2819685B190C57EF003EBD2F /* InfoPlist.strings */ = {
			isa = PBXVariantGroup;
			children = (
				2819685C190C57EF003EBD2F /* en */,
			);
			name = InfoPlist.strings;
			sourceTree = "<group>";
		};
		28196864190C57EF003EBD2F /* Main_iPhone.storyboard */ = {
			isa = PBXVariantGroup;
			children = (
				28196865190C57EF003EBD2F /* Base */,
			);
			name = Main_iPhone.storyboard;
			sourceTree = "<group>";
		};
		28196867190C57EF003EBD2F /* Main_iPad.storyboard */ = {
			isa = PBXVariantGroup;
			children = (
				28196868190C57EF003EBD2F /* Base */,
			);
			name = Main_iPad.storyboard;
			sourceTree = "<group>";
		};
		2819687D190C57EF003EBD2F /* InfoPlist.strings */ = {
			isa = PBXVariantGroup;
			children = (
				2819687E190C57EF003EBD2F /* en */,
			);
			name = InfoPlist.strings;
			sourceTree = "<group>";
		};
/* End PBXVariantGroup section */

/* Begin XCBuildConfiguration section */
		28196882190C57EF003EBD2F /* Debug */ = {
			isa = XCBuildConfiguration;
			buildSettings = {
				ALWAYS_SEARCH_USER_PATHS = NO;
				CLANG_CXX_LANGUAGE_STANDARD = "gnu++0x";
				CLANG_CXX_LIBRARY = "libc++";
				CLANG_ENABLE_MODULES = YES;
				CLANG_ENABLE_OBJC_ARC = YES;
				CLANG_WARN_BOOL_CONVERSION = YES;
				CLANG_WARN_CONSTANT_CONVERSION = YES;
				CLANG_WARN_DIRECT_OBJC_ISA_USAGE = YES_ERROR;
				CLANG_WARN_EMPTY_BODY = YES;
				CLANG_WARN_ENUM_CONVERSION = YES;
				CLANG_WARN_INT_CONVERSION = YES;
				CLANG_WARN_OBJC_ROOT_CLASS = YES_ERROR;
				CLANG_WARN__DUPLICATE_METHOD_MATCH = YES;
				"CODE_SIGN_IDENTITY[sdk=iphoneos*]" = "iPhone Developer";
				COPY_PHASE_STRIP = NO;
				GCC_C_LANGUAGE_STANDARD = gnu99;
				GCC_DYNAMIC_NO_PIC = NO;
				GCC_OPTIMIZATION_LEVEL = 0;
				GCC_PREPROCESSOR_DEFINITIONS = (
					"DEBUG=1",
					"$(inherited)",
				);
				GCC_SYMBOLS_PRIVATE_EXTERN = NO;
				GCC_WARN_64_TO_32_BIT_CONVERSION = YES;
				GCC_WARN_ABOUT_RETURN_TYPE = YES_ERROR;
				GCC_WARN_UNDECLARED_SELECTOR = YES;
				GCC_WARN_UNINITIALIZED_AUTOS = YES_AGGRESSIVE;
				GCC_WARN_UNUSED_FUNCTION = YES;
				GCC_WARN_UNUSED_VARIABLE = YES;
				IPHONEOS_DEPLOYMENT_TARGET = 7.1;
				ONLY_ACTIVE_ARCH = YES;
				SDKROOT = iphoneos;
				TARGETED_DEVICE_FAMILY = "1,2";
			};
			name = Debug;
		};
		28196883190C57EF003EBD2F /* Release */ = {
			isa = XCBuildConfiguration;
			buildSettings = {
				ALWAYS_SEARCH_USER_PATHS = NO;
				CLANG_CXX_LANGUAGE_STANDARD = "gnu++0x";
				CLANG_CXX_LIBRARY = "libc++";
				CLANG_ENABLE_MODULES = YES;
				CLANG_ENABLE_OBJC_ARC = YES;
				CLANG_WARN_BOOL_CONVERSION = YES;
				CLANG_WARN_CONSTANT_CONVERSION = YES;
				CLANG_WARN_DIRECT_OBJC_ISA_USAGE = YES_ERROR;
				CLANG_WARN_EMPTY_BODY = YES;
				CLANG_WARN_ENUM_CONVERSION = YES;
				CLANG_WARN_INT_CONVERSION = YES;
				CLANG_WARN_OBJC_ROOT_CLASS = YES_ERROR;
				CLANG_WARN__DUPLICATE_METHOD_MATCH = YES;
				"CODE_SIGN_IDENTITY[sdk=iphoneos*]" = "iPhone Developer";
				COPY_PHASE_STRIP = YES;
				ENABLE_NS_ASSERTIONS = NO;
				GCC_C_LANGUAGE_STANDARD = gnu99;
				GCC_WARN_64_TO_32_BIT_CONVERSION = YES;
				GCC_WARN_ABOUT_RETURN_TYPE = YES_ERROR;
				GCC_WARN_UNDECLARED_SELECTOR = YES;
				GCC_WARN_UNINITIALIZED_AUTOS = YES_AGGRESSIVE;
				GCC_WARN_UNUSED_FUNCTION = YES;
				GCC_WARN_UNUSED_VARIABLE = YES;
				IPHONEOS_DEPLOYMENT_TARGET = 7.1;
				SDKROOT = iphoneos;
				TARGETED_DEVICE_FAMILY = "1,2";
				VALIDATE_PRODUCT = YES;
			};
			name = Release;
		};
		28196885190C57EF003EBD2F /* Debug */ = {
			isa = XCBuildConfiguration;
			buildSettings = {
				ASSETCATALOG_COMPILER_APPICON_NAME = AppIcon;
				ASSETCATALOG_COMPILER_LAUNCHIMAGE_NAME = LaunchImage;
				GCC_PRECOMPILE_PREFIX_HEADER = YES;
				GCC_PREFIX_HEADER = "ColourRun/ColourRun-Prefix.pch";
				INFOPLIST_FILE = "ColourRun/ColourRun-Info.plist";
				PRODUCT_NAME = "$(TARGET_NAME)";
				WRAPPER_EXTENSION = app;
			};
			name = Debug;
		};
		28196886190C57EF003EBD2F /* Release */ = {
			isa = XCBuildConfiguration;
			buildSettings = {
				ASSETCATALOG_COMPILER_APPICON_NAME = AppIcon;
				ASSETCATALOG_COMPILER_LAUNCHIMAGE_NAME = LaunchImage;
				GCC_PRECOMPILE_PREFIX_HEADER = YES;
				GCC_PREFIX_HEADER = "ColourRun/ColourRun-Prefix.pch";
				INFOPLIST_FILE = "ColourRun/ColourRun-Info.plist";
				PRODUCT_NAME = "$(TARGET_NAME)";
				WRAPPER_EXTENSION = app;
			};
			name = Release;
		};
		28196888190C57EF003EBD2F /* Debug */ = {
			isa = XCBuildConfiguration;
			buildSettings = {
				BUNDLE_LOADER = "$(BUILT_PRODUCTS_DIR)/ColourRun.app/ColourRun";
				FRAMEWORK_SEARCH_PATHS = (
					"$(SDKROOT)/Developer/Library/Frameworks",
					"$(inherited)",
					"$(DEVELOPER_FRAMEWORKS_DIR)",
				);
				GCC_PRECOMPILE_PREFIX_HEADER = YES;
				GCC_PREFIX_HEADER = "ColourRun/ColourRun-Prefix.pch";
				GCC_PREPROCESSOR_DEFINITIONS = (
					"DEBUG=1",
					"$(inherited)",
				);
				INFOPLIST_FILE = "ColourRunTests/ColourRunTests-Info.plist";
				PRODUCT_NAME = "$(TARGET_NAME)";
				TEST_HOST = "$(BUNDLE_LOADER)";
				WRAPPER_EXTENSION = xctest;
			};
			name = Debug;
		};
		28196889190C57EF003EBD2F /* Release */ = {
			isa = XCBuildConfiguration;
			buildSettings = {
				BUNDLE_LOADER = "$(BUILT_PRODUCTS_DIR)/ColourRun.app/ColourRun";
				FRAMEWORK_SEARCH_PATHS = (
					"$(SDKROOT)/Developer/Library/Frameworks",
					"$(inherited)",
					"$(DEVELOPER_FRAMEWORKS_DIR)",
				);
				GCC_PRECOMPILE_PREFIX_HEADER = YES;
				GCC_PREFIX_HEADER = "ColourRun/ColourRun-Prefix.pch";
				INFOPLIST_FILE = "ColourRunTests/ColourRunTests-Info.plist";
				PRODUCT_NAME = "$(TARGET_NAME)";
				TEST_HOST = "$(BUNDLE_LOADER)";
				WRAPPER_EXTENSION = xctest;
			};
			name = Release;
		};
/* End XCBuildConfiguration section */

/* Begin XCConfigurationList section */
		2819684A190C57EF003EBD2F /* Build configuration list for PBXProject "ColourRun" */ = {
			isa = XCConfigurationList;
			buildConfigurations = (
				28196882190C57EF003EBD2F /* Debug */,
				28196883190C57EF003EBD2F /* Release */,
			);
			defaultConfigurationIsVisible = 0;
			defaultConfigurationName = Release;
		};
		28196884190C57EF003EBD2F /* Build configuration list for PBXNativeTarget "ColourRun" */ = {
			isa = XCConfigurationList;
			buildConfigurations = (
				28196885190C57EF003EBD2F /* Debug */,
				28196886190C57EF003EBD2F /* Release */,
			);
			defaultConfigurationIsVisible = 0;
			defaultConfigurationName = Release;
		};
		28196887190C57EF003EBD2F /* Build configuration list for PBXNativeTarget "ColourRunTests" */ = {
			isa = XCConfigurationList;
			buildConfigurations = (
				28196888190C57EF003EBD2F /* Debug */,
				28196889190C57EF003EBD2F /* Release */,
			);
			defaultConfigurationIsVisible = 0;
			defaultConfigurationName = Release;
		};
/* End XCConfigurationList section */
	};
	rootObject = 28196847190C57EF003EBD2F /* Project object */;
}
